
Microsoft Visual Studio Solution File, Format Version 12.00
# Visual Studio Version 16
VisualStudioVersion = 16.0.30523.141
MinimumVisualStudioVersion = 10.0.40219.1
Project("{FAE04EC0-301F-11D3-BF4B-00C04F79EFBC}") = "get_audio", "get_audio.csproj", "{D2182FFE-21D4-4BCA-9072-A44EB6AE8F4C}"
EndProject
Global
	GlobalSection(SolutionConfigurationPlatforms) = preSolution
		Debug|Any CPU = Debug|Any CPU
		Release|Any CPU = Release|Any CPU
	EndGlobalSection
	GlobalSection(ProjectConfigurationPlatforms) = postSolution
		{D2182FFE-21D4-4BCA-9072-A44EB6AE8F4C}.Debug|Any CPU.ActiveCfg = Debug|Any CPU
		{D2182FFE-21D4-4BCA-9072-A44EB6AE8F4C}.Debug|Any CPU.Build.0 = Debug|Any CPU
		{D2182FFE-21D4-4BCA-9072-A44EB6AE8F4C}.Release|Any CPU.ActiveCfg = Release|Any CPU
		{D2182FFE-21D4-4BCA-9072-A44EB6AE8F4C}.Release|Any CPU.Build.0 = Release|Any CPU
	EndGlobalSection
	GlobalSection(SolutionProperties) = preSolution
		HideSolutionNode = FALSE
	EndGlobalSection
	GlobalSection(ExtensibilityGlobals) = postSolution
		SolutionGuid = {89C37407-6B4C-4F1D-B6DA-8A39EFBA5FA3}
	EndGlobalSection
EndGlobal
